
Microsoft Visual Studio Solution File, Format Version 12.00
# Visual Studio Version 17
VisualStudioVersion = 17.13.35825.156 d17.13
MinimumVisualStudioVersion = 10.0.40219.1
Project("{FAE04EC0-301F-11D3-BF4B-00C04F79EFBC}") = "Pasjans", "Pasjans\Pasjans.csproj", "{5DBF1272-B8B4-44F0-BD4B-E6E9954168E4}"
EndProject
Global
	GlobalSection(SolutionConfigurationPlatforms) = preSolution
		Debug|Any CPU = Debug|Any CPU
		Release|Any CPU = Release|Any CPU
	EndGlobalSection
	GlobalSection(ProjectConfigurationPlatforms) = postSolution
		{5DBF1272-B8B4-44F0-BD4B-E6E9954168E4}.Debug|Any CPU.ActiveCfg = Debug|Any CPU
		{5DBF1272-B8B4-44F0-BD4B-E6E9954168E4}.Debug|Any CPU.Build.0 = Debug|Any CPU
		{5DBF1272-B8B4-44F0-BD4B-E6E9954168E4}.Release|Any CPU.ActiveCfg = Release|Any CPU
		{5DBF1272-B8B4-44F0-BD4B-E6E9954168E4}.Release|Any CPU.Build.0 = Release|Any CPU
	EndGlobalSection
	GlobalSection(SolutionProperties) = preSolution
		HideSolutionNode = FALSE
	EndGlobalSection
	GlobalSection(ExtensibilityGlobals) = postSolution
		SolutionGuid = {ACA4D8ED-2CF4-4E98-91F8-FE17086AFC29}
	EndGlobalSection
EndGlobal
